
Microsoft Visual Studio Solution File, Format Version 12.00
# Visual Studio 15
VisualStudioVersion = 15.0.27703.2042
MinimumVisualStudioVersion = 10.0.40219.1
Project("{FAE04EC0-301F-11D3-BF4B-00C04F79EFBC}") = "Sales.Android", "Sales\Sales.Android\Sales.Android.csproj", "{51878DAC-9949-4126-B535-58C5A3689B73}"
EndProject
Project("{FAE04EC0-301F-11D3-BF4B-00C04F79EFBC}") = "Sales.iOS", "Sales\Sales.iOS\Sales.iOS.csproj", "{7B6417AB-443C-4A07-B8EC-01D26EFF62C1}"
EndProject
Project("{9A19103F-16F7-4668-BE54-9A1E7A4F7556}") = "Sales", "Sales\Sales\Sales.csproj", "{5F518415-1231-4E31-957A-2AA2E9860D00}"
EndProject
Project("{FAE04EC0-301F-11D3-BF4B-00C04F79EFBC}") = "Sales.Backend", "Sales.Backend\Sales.Backend.csproj", "{09C45BDC-4967-4492-B48F-1A4978B66887}"
EndProject
Project("{FAE04EC0-301F-11D3-BF4B-00C04F79EFBC}") = "Sales.Domain", "Sales.Domain\Sales.Domain.csproj", "{7C79B8F3-505B-4540-A53A-5DF0C5BD0D64}"
EndProject
Project("{FAE04EC0-301F-11D3-BF4B-00C04F79EFBC}") = "Sales.Common", "Sales.Common\Sales.Common.csproj", "{A56712EA-9E41-4989-8C95-C6EA0021220F}"
EndProject
Project("{FAE04EC0-301F-11D3-BF4B-00C04F79EFBC}") = "Sales.API", "Sales.API\Sales.API.csproj", "{1A4C9A19-CE0C-4487-93E2-81291ACD37C0}"
EndProject
Global
	GlobalSection(SolutionConfigurationPlatforms) = preSolution
		Ad-Hoc|Any CPU = Ad-Hoc|Any CPU
		Ad-Hoc|iPhone = Ad-Hoc|iPhone
		Ad-Hoc|iPhoneSimulator = Ad-Hoc|iPhoneSimulator
		AppStore|Any CPU = AppStore|Any CPU
		AppStore|iPhone = AppStore|iPhone
		AppStore|iPhoneSimulator = AppStore|iPhoneSimulator
		Debug|Any CPU = Debug|Any CPU
		Debug|iPhone = Debug|iPhone
		Debug|iPhoneSimulator = Debug|iPhoneSimulator
		Release|Any CPU = Release|Any CPU
		Release|iPhone = Release|iPhone
		Release|iPhoneSimulator = Release|iPhoneSimulator
	EndGlobalSection
	GlobalSection(ProjectConfigurationPlatforms) = postSolution
		{51878DAC-9949-4126-B535-58C5A3689B73}.Ad-Hoc|Any CPU.ActiveCfg = Release|Any CPU
		{51878DAC-9949-4126-B535-58C5A3689B73}.Ad-Hoc|Any CPU.Build.0 = Release|Any CPU
		{51878DAC-9949-4126-B535-58C5A3689B73}.Ad-Hoc|Any CPU.Deploy.0 = Release|Any CPU
		{51878DAC-9949-4126-B535-58C5A3689B73}.Ad-Hoc|iPhone.ActiveCfg = Release|Any CPU
		{51878DAC-9949-4126-B535-58C5A3689B73}.Ad-Hoc|iPhone.Build.0 = Release|Any CPU
		{51878DAC-9949-4126-B535-58C5A3689B73}.Ad-Hoc|iPhone.Deploy.0 = Release|Any CPU
		{51878DAC-9949-4126-B535-58C5A3689B73}.Ad-Hoc|iPhoneSimulator.ActiveCfg = Release|Any CPU
		{51878DAC-9949-4126-B535-58C5A3689B73}.Ad-Hoc|iPhoneSimulator.Build.0 = Release|Any CPU
		{51878DAC-9949-4126-B535-58C5A3689B73}.Ad-Hoc|iPhoneSimulator.Deploy.0 = Release|Any CPU
		{51878DAC-9949-4126-B535-58C5A3689B73}.AppStore|Any CPU.ActiveCfg = Release|Any CPU
		{51878DAC-9949-4126-B535-58C5A3689B73}.AppStore|Any CPU.Build.0 = Release|Any CPU
		{51878DAC-9949-4126-B535-58C5A3689B73}.AppStore|Any CPU.Deploy.0 = Release|Any CPU
		{51878DAC-9949-4126-B535-58C5A3689B73}.AppStore|iPhone.ActiveCfg = Release|Any CPU
		{51878DAC-9949-4126-B535-58C5A3689B73}.AppStore|iPhone.Build.0 = Release|Any CPU
		{51878DAC-9949-4126-B535-58C5A3689B73}.AppStore|iPhone.Deploy.0 = Release|Any CPU
		{51878DAC-9949-4126-B535-58C5A3689B73}.AppStore|iPhoneSimulator.ActiveCfg = Release|Any CPU
		{51878DAC-9949-4126-B535-58C5A3689B73}.AppStore|iPhoneSimulator.Build.0 = Release|Any CPU
		{51878DAC-9949-4126-B535-58C5A3689B73}.AppStore|iPhoneSimulator.Deploy.0 = Release|Any CPU
		{51878DAC-9949-4126-B535-58C5A3689B73}.Debug|Any CPU.ActiveCfg = Debug|Any CPU
		{51878DAC-9949-4126-B535-58C5A3689B73}.Debug|Any CPU.Build.0 = Debug|Any CPU
		{51878DAC-9949-4126-B535-58C5A3689B73}.Debug|Any CPU.Deploy.0 = Debug|Any CPU
		{51878DAC-9949-4126-B535-58C5A3689B73}.Debug|iPhone.ActiveCfg = Debug|Any CPU
		{51878DAC-9949-4126-B535-58C5A3689B73}.Debug|iPhone.Build.0 = Debug|Any CPU
		{51878DAC-9949-4126-B535-58C5A3689B73}.Debug|iPhone.Deploy.0 = Debug|Any CPU
		{51878DAC-9949-4126-B535-58C5A3689B73}.Debug|iPhoneSimulator.ActiveCfg = Debug|Any CPU
		{51878DAC-9949-4126-B535-58C5A3689B73}.Debug|iPhoneSimulator.Build.0 = Debug|Any CPU
		{51878DAC-9949-4126-B535-58C5A3689B73}.Debug|iPhoneSimulator.Deploy.0 = Debug|Any CPU
		{51878DAC-9949-4126-B535-58C5A3689B73}.Release|Any CPU.ActiveCfg = Release|Any CPU
		{51878DAC-9949-4126-B535-58C5A3689B73}.Release|Any CPU.Build.0 = Release|Any CPU
		{51878DAC-9949-4126-B535-58C5A3689B73}.Release|Any CPU.Deploy.0 = Release|Any CPU
		{51878DAC-9949-4126-B535-58C5A3689B73}.Release|iPhone.ActiveCfg = Release|Any CPU
		{51878DAC-9949-4126-B535-58C5A3689B73}.Release|iPhone.Build.0 = Release|Any CPU
		{51878DAC-9949-4126-B535-58C5A3689B73}.Release|iPhone.Deploy.0 = Release|Any CPU
		{51878DAC-9949-4126-B535-58C5A3689B73}.Release|iPhoneSimulator.ActiveCfg = Release|Any CPU
		{51878DAC-9949-4126-B535-58C5A3689B73}.Release|iPhoneSimulator.Build.0 = Release|Any CPU
		{51878DAC-9949-4126-B535-58C5A3689B73}.Release|iPhoneSimulator.Deploy.0 = Release|Any CPU
		{7B6417AB-443C-4A07-B8EC-01D26EFF62C1}.Ad-Hoc|Any CPU.ActiveCfg = Ad-Hoc|iPhone
		{7B6417AB-443C-4A07-B8EC-01D26EFF62C1}.Ad-Hoc|Any CPU.Build.0 = Ad-Hoc|iPhone
		{7B6417AB-443C-4A07-B8EC-01D26EFF62C1}.Ad-Hoc|Any CPU.Deploy.0 = Ad-Hoc|iPhone
		{7B6417AB-443C-4A07-B8EC-01D26EFF62C1}.Ad-Hoc|iPhone.ActiveCfg = Ad-Hoc|iPhone
		{7B6417AB-443C-4A07-B8EC-01D26EFF62C1}.Ad-Hoc|iPhone.Build.0 = Ad-Hoc|iPhone
		{7B6417AB-443C-4A07-B8EC-01D26EFF62C1}.Ad-Hoc|iPhone.Deploy.0 = Ad-Hoc|iPhone
		{7B6417AB-443C-4A07-B8EC-01D26EFF62C1}.Ad-Hoc|iPhoneSimulator.ActiveCfg = Ad-Hoc|iPhoneSimulator
		{7B6417AB-443C-4A07-B8EC-01D26EFF62C1}.Ad-Hoc|iPhoneSimulator.Build.0 = Ad-Hoc|iPhoneSimulator
		{7B6417AB-443C-4A07-B8EC-01D26EFF62C1}.Ad-Hoc|iPhoneSimulator.Deploy.0 = Ad-Hoc|iPhoneSimulator
		{7B6417AB-443C-4A07-B8EC-01D26EFF62C1}.AppStore|Any CPU.ActiveCfg = AppStore|iPhone
		{7B6417AB-443C-4A07-B8EC-01D26EFF62C1}.AppStore|Any CPU.Build.0 = AppStore|iPhone
		{7B6417AB-443C-4A07-B8EC-01D26EFF62C1}.AppStore|Any CPU.Deploy.0 = AppStore|iPhone
		{7B6417AB-443C-4A07-B8EC-01D26EFF62C1}.AppStore|iPhone.ActiveCfg = AppStore|iPhone
		{7B6417AB-443C-4A07-B8EC-01D26EFF62C1}.AppStore|iPhone.Build.0 = AppStore|iPhone
		{7B6417AB-443C-4A07-B8EC-01D26EFF62C1}.AppStore|iPhone.Deploy.0 = AppStore|iPhone
		{7B6417AB-443C-4A07-B8EC-01D26EFF62C1}.AppStore|iPhoneSimulator.ActiveCfg = AppStore|iPhoneSimulator
		{7B6417AB-443C-4A07-B8EC-01D26EFF62C1}.AppStore|iPhoneSimulator.Build.0 = AppStore|iPhoneSimulator
		{7B6417AB-443C-4A07-B8EC-01D26EFF62C1}.AppStore|iPhoneSimulator.Deploy.0 = AppStore|iPhoneSimulator
		{7B6417AB-443C-4A07-B8EC-01D26EFF62C1}.Debug|Any CPU.ActiveCfg = Debug|iPhoneSimulator
		{7B6417AB-443C-4A07-B8EC-01D26EFF62C1}.Debug|Any CPU.Build.0 = Debug|iPhoneSimulator
		{7B6417AB-443C-4A07-B8EC-01D26EFF62C1}.Debug|Any CPU.Deploy.0 = Debug|iPhoneSimulator
		{7B6417AB-443C-4A07-B8EC-01D26EFF62C1}.Debug|iPhone.ActiveCfg = Debug|iPhone
		{7B6417AB-443C-4A07-B8EC-01D26EFF62C1}.Debug|iPhone.Build.0 = Debug|iPhone
		{7B6417AB-443C-4A07-B8EC-01D26EFF62C1}.Debug|iPhone.Deploy.0 = Debug|iPhone
		{7B6417AB-443C-4A07-B8EC-01D26EFF62C1}.Debug|iPhoneSimulator.ActiveCfg = Debug|iPhoneSimulator
		{7B6417AB-443C-4A07-B8EC-01D26EFF62C1}.Debug|iPhoneSimulator.Build.0 = Debug|iPhoneSimulator
		{7B6417AB-443C-4A07-B8EC-01D26EFF62C1}.Debug|iPhoneSimulator.Deploy.0 = Debug|iPhoneSimulator
		{7B6417AB-443C-4A07-B8EC-01D26EFF62C1}.Release|Any CPU.ActiveCfg = Release|iPhone
		{7B6417AB-443C-4A07-B8EC-01D26EFF62C1}.Release|Any CPU.Build.0 = Release|iPhone
		{7B6417AB-443C-4A07-B8EC-01D26EFF62C1}.Release|Any CPU.Deploy.0 = Release|iPhone
		{7B6417AB-443C-4A07-B8EC-01D26EFF62C1}.Release|iPhone.ActiveCfg = Release|iPhone
		{7B6417AB-443C-4A07-B8EC-01D26EFF62C1}.Release|iPhone.Build.0 = Release|iPhone
		{7B6417AB-443C-4A07-B8EC-01D26EFF62C1}.Release|iPhone.Deploy.0 = Release|iPhone
		{7B6417AB-443C-4A07-B8EC-01D26EFF62C1}.Release|iPhoneSimulator.ActiveCfg = Release|iPhoneSimulator
		{7B6417AB-443C-4A07-B8EC-01D26EFF62C1}.Release|iPhoneSimulator.Build.0 = Release|iPhoneSimulator
		{7B6417AB-443C-4A07-B8EC-01D26EFF62C1}.Release|iPhoneSimulator.Deploy.0 = Release|iPhoneSimulator
		{5F518415-1231-4E31-957A-2AA2E9860D00}.Ad-Hoc|Any CPU.ActiveCfg = Debug|Any CPU
		{5F518415-1231-4E31-957A-2AA2E9860D00}.Ad-Hoc|Any CPU.Build.0 = Debug|Any CPU
		{5F518415-1231-4E31-957A-2AA2E9860D00}.Ad-Hoc|Any CPU.Deploy.0 = Debug|Any CPU
		{5F518415-1231-4E31-957A-2AA2E9860D00}.Ad-Hoc|iPhone.ActiveCfg = Debug|Any CPU
		{5F518415-1231-4E31-957A-2AA2E9860D00}.Ad-Hoc|iPhone.Build.0 = Debug|Any CPU
		{5F518415-1231-4E31-957A-2AA2E9860D00}.Ad-Hoc|iPhone.Deploy.0 = Debug|Any CPU
		{5F518415-1231-4E31-957A-2AA2E9860D00}.Ad-Hoc|iPhoneSimulator.ActiveCfg = Debug|Any CPU
		{5F518415-1231-4E31-957A-2AA2E9860D00}.Ad-Hoc|iPhoneSimulator.Build.0 = Debug|Any CPU
		{5F518415-1231-4E31-957A-2AA2E9860D00}.Ad-Hoc|iPhoneSimulator.Deploy.0 = Debug|Any CPU
		{5F518415-1231-4E31-957A-2AA2E9860D00}.AppStore|Any CPU.ActiveCfg = Debug|Any CPU
		{5F518415-1231-4E31-957A-2AA2E9860D00}.AppStore|Any CPU.Build.0 = Debug|Any CPU
		{5F518415-1231-4E31-957A-2AA2E9860D00}.AppStore|Any CPU.Deploy.0 = Debug|Any CPU
		{5F518415-1231-4E31-957A-2AA2E9860D00}.AppStore|iPhone.ActiveCfg = Debug|Any CPU
		{5F518415-1231-4E31-957A-2AA2E9860D00}.AppStore|iPhone.Build.0 = Debug|Any CPU
		{5F518415-1231-4E31-957A-2AA2E9860D00}.AppStore|iPhone.Deploy.0 = Debug|Any CPU
		{5F518415-1231-4E31-957A-2AA2E9860D00}.AppStore|iPhoneSimulator.ActiveCfg = Debug|Any CPU
		{5F518415-1231-4E31-957A-2AA2E9860D00}.AppStore|iPhoneSimulator.Build.0 = Debug|Any CPU
		{5F518415-1231-4E31-957A-2AA2E9860D00}.AppStore|iPhoneSimulator.Deploy.0 = Debug|Any CPU
		{5F518415-1231-4E31-957A-2AA2E9860D00}.Debug|Any CPU.ActiveCfg = Debug|Any CPU
		{5F518415-1231-4E31-957A-2AA2E9860D00}.Debug|Any CPU.Build.0 = Debug|Any CPU
		{5F518415-1231-4E31-957A-2AA2E9860D00}.Debug|Any CPU.Deploy.0 = Debug|Any CPU
		{5F518415-1231-4E31-957A-2AA2E9860D00}.Debug|iPhone.ActiveCfg = Debug|Any CPU
		{5F518415-1231-4E31-957A-2AA2E9860D00}.Debug|iPhone.Build.0 = Debug|Any CPU
		{5F518415-1231-4E31-957A-2AA2E9860D00}.Debug|iPhone.Deploy.0 = Debug|Any CPU
		{5F518415-1231-4E31-957A-2AA2E9860D00}.Debug|iPhoneSimulator.ActiveCfg = Debug|Any CPU
		{5F518415-1231-4E31-957A-2AA2E9860D00}.Debug|iPhoneSimulator.Build.0 = Debug|Any CPU
		{5F518415-1231-4E31-957A-2AA2E9860D00}.Debug|iPhoneSimulator.Deploy.0 = Debug|Any CPU
		{5F518415-1231-4E31-957A-2AA2E9860D00}.Release|Any CPU.ActiveCfg = Release|Any CPU
		{5F518415-1231-4E31-957A-2AA2E9860D00}.Release|Any CPU.Build.0 = Release|Any CPU
		{5F518415-1231-4E31-957A-2AA2E9860D00}.Release|Any CPU.Deploy.0 = Release|Any CPU
		{5F518415-1231-4E31-957A-2AA2E9860D00}.Release|iPhone.ActiveCfg = Release|Any CPU
		{5F518415-1231-4E31-957A-2AA2E9860D00}.Release|iPhone.Build.0 = Release|Any CPU
		{5F518415-1231-4E31-957A-2AA2E9860D00}.Release|iPhone.Deploy.0 = Release|Any CPU
		{5F518415-1231-4E31-957A-2AA2E9860D00}.Release|iPhoneSimulator.ActiveCfg = Release|Any CPU
		{5F518415-1231-4E31-957A-2AA2E9860D00}.Release|iPhoneSimulator.Build.0 = Release|Any CPU
		{5F518415-1231-4E31-957A-2AA2E9860D00}.Release|iPhoneSimulator.Deploy.0 = Release|Any CPU
		{09C45BDC-4967-4492-B48F-1A4978B66887}.Ad-Hoc|Any CPU.ActiveCfg = Release|Any CPU
		{09C45BDC-4967-4492-B48F-1A4978B66887}.Ad-Hoc|Any CPU.Build.0 = Release|Any CPU
		{09C45BDC-4967-4492-B48F-1A4978B66887}.Ad-Hoc|iPhone.ActiveCfg = Release|Any CPU
		{09C45BDC-4967-4492-B48F-1A4978B66887}.Ad-Hoc|iPhone.Build.0 = Release|Any CPU
		{09C45BDC-4967-4492-B48F-1A4978B66887}.Ad-Hoc|iPhoneSimulator.ActiveCfg = Release|Any CPU
		{09C45BDC-4967-4492-B48F-1A4978B66887}.Ad-Hoc|iPhoneSimulator.Build.0 = Release|Any CPU
		{09C45BDC-4967-4492-B48F-1A4978B66887}.AppStore|Any CPU.ActiveCfg = Release|Any CPU
		{09C45BDC-4967-4492-B48F-1A4978B66887}.AppStore|Any CPU.Build.0 = Release|Any CPU
		{09C45BDC-4967-4492-B48F-1A4978B66887}.AppStore|iPhone.ActiveCfg = Release|Any CPU
		{09C45BDC-4967-4492-B48F-1A4978B66887}.AppStore|iPhone.Build.0 = Release|Any CPU
		{09C45BDC-4967-4492-B48F-1A4978B66887}.AppStore|iPhoneSimulator.ActiveCfg = Release|Any CPU
		{09C45BDC-4967-4492-B48F-1A4978B66887}.AppStore|iPhoneSimulator.Build.0 = Release|Any CPU
		{09C45BDC-4967-4492-B48F-1A4978B66887}.Debug|Any CPU.ActiveCfg = Debug|Any CPU
		{09C45BDC-4967-4492-B48F-1A4978B66887}.Debug|Any CPU.Build.0 = Debug|Any CPU
		{09C45BDC-4967-4492-B48F-1A4978B66887}.Debug|iPhone.ActiveCfg = Debug|Any CPU
		{09C45BDC-4967-4492-B48F-1A4978B66887}.Debug|iPhone.Build.0 = Debug|Any CPU
		{09C45BDC-4967-4492-B48F-1A4978B66887}.Debug|iPhoneSimulator.ActiveCfg = Debug|Any CPU
		{09C45BDC-4967-4492-B48F-1A4978B66887}.Debug|iPhoneSimulator.Build.0 = Debug|Any CPU
		{09C45BDC-4967-4492-B48F-1A4978B66887}.Release|Any CPU.ActiveCfg = Release|Any CPU
		{09C45BDC-4967-4492-B48F-1A4978B66887}.Release|Any CPU.Build.0 = Release|Any CPU
		{09C45BDC-4967-4492-B48F-1A4978B66887}.Release|iPhone.ActiveCfg = Release|Any CPU
		{09C45BDC-4967-4492-B48F-1A4978B66887}.Release|iPhone.Build.0 = Release|Any CPU
		{09C45BDC-4967-4492-B48F-1A4978B66887}.Release|iPhoneSimulator.ActiveCfg = Release|Any CPU
		{09C45BDC-4967-4492-B48F-1A4978B66887}.Release|iPhoneSimulator.Build.0 = Release|Any CPU
		{7C79B8F3-505B-4540-A53A-5DF0C5BD0D64}.Ad-Hoc|Any CPU.ActiveCfg = Release|Any CPU
		{7C79B8F3-505B-4540-A53A-5DF0C5BD0D64}.Ad-Hoc|Any CPU.Build.0 = Release|Any CPU
		{7C79B8F3-505B-4540-A53A-5DF0C5BD0D64}.Ad-Hoc|iPhone.ActiveCfg = Release|Any CPU
		{7C79B8F3-505B-4540-A53A-5DF0C5BD0D64}.Ad-Hoc|iPhone.Build.0 = Release|Any CPU
		{7C79B8F3-505B-4540-A53A-5DF0C5BD0D64}.Ad-Hoc|iPhoneSimulator.ActiveCfg = Release|Any CPU
		{7C79B8F3-505B-4540-A53A-5DF0C5BD0D64}.Ad-Hoc|iPhoneSimulator.Build.0 = Release|Any CPU
		{7C79B8F3-505B-4540-A53A-5DF0C5BD0D64}.AppStore|Any CPU.ActiveCfg = Release|Any CPU
		{7C79B8F3-505B-4540-A53A-5DF0C5BD0D64}.AppStore|Any CPU.Build.0 = Release|Any CPU
		{7C79B8F3-505B-4540-A53A-5DF0C5BD0D64}.AppStore|iPhone.ActiveCfg = Release|Any CPU
		{7C79B8F3-505B-4540-A53A-5DF0C5BD0D64}.AppStore|iPhone.Build.0 = Release|Any CPU
		{7C79B8F3-505B-4540-A53A-5DF0C5BD0D64}.AppStore|iPhoneSimulator.ActiveCfg = Release|Any CPU
		{7C79B8F3-505B-4540-A53A-5DF0C5BD0D64}.AppStore|iPhoneSimulator.Build.0 = Release|Any CPU
		{7C79B8F3-505B-4540-A53A-5DF0C5BD0D64}.Debug|Any CPU.ActiveCfg = Debug|Any CPU
		{7C79B8F3-505B-4540-A53A-5DF0C5BD0D64}.Debug|Any CPU.Build.0 = Debug|Any CPU
		{7C79B8F3-505B-4540-A53A-5DF0C5BD0D64}.Debug|iPhone.ActiveCfg = Debug|Any CPU
		{7C79B8F3-505B-4540-A53A-5DF0C5BD0D64}.Debug|iPhone.Build.0 = Debug|Any CPU
		{7C79B8F3-505B-4540-A53A-5DF0C5BD0D64}.Debug|iPhoneSimulator.ActiveCfg = Debug|Any CPU
		{7C79B8F3-505B-4540-A53A-5DF0C5BD0D64}.Debug|iPhoneSimulator.Build.0 = Debug|Any CPU
		{7C79B8F3-505B-4540-A53A-5DF0C5BD0D64}.Release|Any CPU.ActiveCfg = Release|Any CPU
		{7C79B8F3-505B-4540-A53A-5DF0C5BD0D64}.Release|Any CPU.Build.0 = Release|Any CPU
		{7C79B8F3-505B-4540-A53A-5DF0C5BD0D64}.Release|iPhone.ActiveCfg = Release|Any CPU
		{7C79B8F3-505B-4540-A53A-5DF0C5BD0D64}.Release|iPhone.Build.0 = Release|Any CPU
		{7C79B8F3-505B-4540-A53A-5DF0C5BD0D64}.Release|iPhoneSimulator.ActiveCfg = Release|Any CPU
		{7C79B8F3-505B-4540-A53A-5DF0C5BD0D64}.Release|iPhoneSimulator.Build.0 = Release|Any CPU
		{A56712EA-9E41-4989-8C95-C6EA0021220F}.Ad-Hoc|Any CPU.ActiveCfg = Release|Any CPU
		{A56712EA-9E41-4989-8C95-C6EA0021220F}.Ad-Hoc|Any CPU.Build.0 = Release|Any CPU
		{A56712EA-9E41-4989-8C95-C6EA0021220F}.Ad-Hoc|iPhone.ActiveCfg = Release|Any CPU
		{A56712EA-9E41-4989-8C95-C6EA0021220F}.Ad-Hoc|iPhone.Build.0 = Release|Any CPU
		{A56712EA-9E41-4989-8C95-C6EA0021220F}.Ad-Hoc|iPhoneSimulator.ActiveCfg = Release|Any CPU
		{A56712EA-9E41-4989-8C95-C6EA0021220F}.Ad-Hoc|iPhoneSimulator.Build.0 = Release|Any CPU
		{A56712EA-9E41-4989-8C95-C6EA0021220F}.AppStore|Any CPU.ActiveCfg = Release|Any CPU
		{A56712EA-9E41-4989-8C95-C6EA0021220F}.AppStore|Any CPU.Build.0 = Release|Any CPU
		{A56712EA-9E41-4989-8C95-C6EA0021220F}.AppStore|iPhone.ActiveCfg = Release|Any CPU
		{A56712EA-9E41-4989-8C95-C6EA0021220F}.AppStore|iPhone.Build.0 = Release|Any CPU
		{A56712EA-9E41-4989-8C95-C6EA0021220F}.AppStore|iPhoneSimulator.ActiveCfg = Release|Any CPU
		{A56712EA-9E41-4989-8C95-C6EA0021220F}.AppStore|iPhoneSimulator.Build.0 = Release|Any CPU
		{A56712EA-9E41-4989-8C95-C6EA0021220F}.Debug|Any CPU.ActiveCfg = Debug|Any CPU
		{A56712EA-9E41-4989-8C95-C6EA0021220F}.Debug|Any CPU.Build.0 = Debug|Any CPU
		{A56712EA-9E41-4989-8C95-C6EA0021220F}.Debug|iPhone.ActiveCfg = Debug|Any CPU
		{A56712EA-9E41-4989-8C95-C6EA0021220F}.Debug|iPhone.Build.0 = Debug|Any CPU
		{A56712EA-9E41-4989-8C95-C6EA0021220F}.Debug|iPhoneSimulator.ActiveCfg = Debug|Any CPU
		{A56712EA-9E41-4989-8C95-C6EA0021220F}.Debug|iPhoneSimulator.Build.0 = Debug|Any CPU
		{A56712EA-9E41-4989-8C95-C6EA0021220F}.Release|Any CPU.ActiveCfg = Release|Any CPU
		{A56712EA-9E41-4989-8C95-C6EA0021220F}.Release|Any CPU.Build.0 = Release|Any CPU
		{A56712EA-9E41-4989-8C95-C6EA0021220F}.Release|iPhone.ActiveCfg = Release|Any CPU
		{A56712EA-9E41-4989-8C95-C6EA0021220F}.Release|iPhone.Build.0 = Release|Any CPU
		{A56712EA-9E41-4989-8C95-C6EA0021220F}.Release|iPhoneSimulator.ActiveCfg = Release|Any CPU
		{A56712EA-9E41-4989-8C95-C6EA0021220F}.Release|iPhoneSimulator.Build.0 = Release|Any CPU
		{1A4C9A19-CE0C-4487-93E2-81291ACD37C0}.Ad-Hoc|Any CPU.ActiveCfg = Release|Any CPU
		{1A4C9A19-CE0C-4487-93E2-81291ACD37C0}.Ad-Hoc|Any CPU.Build.0 = Release|Any CPU
		{1A4C9A19-CE0C-4487-93E2-81291ACD37C0}.Ad-Hoc|iPhone.ActiveCfg = Release|Any CPU
		{1A4C9A19-CE0C-4487-93E2-81291ACD37C0}.Ad-Hoc|iPhone.Build.0 = Release|Any CPU
		{1A4C9A19-CE0C-4487-93E2-81291ACD37C0}.Ad-Hoc|iPhoneSimulator.ActiveCfg = Release|Any CPU
		{1A4C9A19-CE0C-4487-93E2-81291ACD37C0}.Ad-Hoc|iPhoneSimulator.Build.0 = Release|Any CPU
		{1A4C9A19-CE0C-4487-93E2-81291ACD37C0}.AppStore|Any CPU.ActiveCfg = Release|Any CPU
		{1A4C9A19-CE0C-4487-93E2-81291ACD37C0}.AppStore|Any CPU.Build.0 = Release|Any CPU
		{1A4C9A19-CE0C-4487-93E2-81291ACD37C0}.AppStore|iPhone.ActiveCfg = Release|Any CPU
		{1A4C9A19-CE0C-4487-93E2-81291ACD37C0}.AppStore|iPhone.Build.0 = Release|Any CPU
		{1A4C9A19-CE0C-4487-93E2-81291ACD37C0}.AppStore|iPhoneSimulator.ActiveCfg = Release|Any CPU
		{1A4C9A19-CE0C-4487-93E2-81291ACD37C0}.AppStore|iPhoneSimulator.Build.0 = Release|Any CPU
		{1A4C9A19-CE0C-4487-93E2-81291ACD37C0}.Debug|Any CPU.ActiveCfg = Debug|Any CPU
		{1A4C9A19-CE0C-4487-93E2-81291ACD37C0}.Debug|Any CPU.Build.0 = Debug|Any CPU
		{1A4C9A19-CE0C-4487-93E2-81291ACD37C0}.Debug|iPhone.ActiveCfg = Debug|Any CPU
		{1A4C9A19-CE0C-4487-93E2-81291ACD37C0}.Debug|iPhone.Build.0 = Debug|Any CPU
		{1A4C9A19-CE0C-4487-93E2-81291ACD37C0}.Debug|iPhoneSimulator.ActiveCfg = Debug|Any CPU
		{1A4C9A19-CE0C-4487-93E2-81291ACD37C0}.Debug|iPhoneSimulator.Build.0 = Debug|Any CPU
		{1A4C9A19-CE0C-4487-93E2-81291ACD37C0}.Release|Any CPU.ActiveCfg = Release|Any CPU
		{1A4C9A19-CE0C-4487-93E2-81291ACD37C0}.Release|Any CPU.Build.0 = Release|Any CPU
		{1A4C9A19-CE0C-4487-93E2-81291ACD37C0}.Release|iPhone.ActiveCfg = Release|Any CPU
		{1A4C9A19-CE0C-4487-93E2-81291ACD37C0}.Release|iPhone.Build.0 = Release|Any CPU
		{1A4C9A19-CE0C-4487-93E2-81291ACD37C0}.Release|iPhoneSimulator.ActiveCfg = Release|Any CPU
		{1A4C9A19-CE0C-4487-93E2-81291ACD37C0}.Release|iPhoneSimulator.Build.0 = Release|Any CPU
	EndGlobalSection
	GlobalSection(SolutionProperties) = preSolution
		HideSolutionNode = FALSE
	EndGlobalSection
	GlobalSection(ExtensibilityGlobals) = postSolution
		RESX_PrefixTranslations = False
		SolutionGuid = {681128DC-B263-481F-A95A-EC15C14317B4}
	EndGlobalSection
EndGlobal
